{
  "requires": true,
  "lockfileVersion": 1,
  "dependencies": {
    "@types/minimist": {
      "version": "1.2.1",
      "resolved": "https://registry.npmjs.org/@types/minimist/-/minimist-1.2.1.tgz",
      "integrity": "sha512-fZQQafSREFyuZcdWFAExYjBiCL7AUCdgsk80iO0q4yihYYdcIiH28CcuPTGFgLOCC8RlW49GSQxdHwZP+I7CNg==",
      "dev": true
    },
    "@types/node": {
      "version": "12.20.10",
      "resolved": "https://registry.npmjs.org/@types/node/-/node-12.20.10.tgz",
      "integrity": "sha512-TxCmnSSppKBBOzYzPR2BR25YlX5Oay8z2XGwFBInuA/Co0V9xJhLlW4kjbxKtgeNo3NOMbQP1A5Rc03y+XecPw==",
      "dev": true
    },
    "minimist": {
      "version": "1.2.5",
      "resolved": "https://registry.npmjs.org/minimist/-/minimist-1.2.5.tgz",
      "integrity": "sha512-FM9nNUYrRBAELZQT3xeZQ7fmMOBg6nWNmJKTcgsJeaLstP/UODVpGsr5OhXhhXg6f+qtJ8uiZ+PUxkDWcgIXLw=="
    },
    "typescript": {
      "version": "4.2.4",
      "resolved": "https://registry.npmjs.org/typescript/-/typescript-4.2.4.tgz",
      "integrity": "sha512-V+evlYHZnQkaz8TRBuxTA92yZBPotr5H+WhQ7bD3hZUndx5tGOa1fuCgeSjxAzM1RiN5IzvadIXTVefuuwZCRg==",
      "dev": true
    }
  }
}
